
Microsoft Visual Studio Solution File, Format Version 12.00
# Visual Studio Version 16
VisualStudioVersion = 16.0.32228.343
MinimumVisualStudioVersion = 10.0.40219.1
Project("{FAE04EC0-301F-11D3-BF4B-00C04F79EFBC}") = "MovieFlix", "MovieFlix.csproj", "{89807DC7-584A-4DAF-9049-73570184288E}"
EndProject
Global
	GlobalSection(SolutionConfigurationPlatforms) = preSolution
		Debug|Any CPU = Debug|Any CPU
		Release|Any CPU = Release|Any CPU
	EndGlobalSection
	GlobalSection(ProjectConfigurationPlatforms) = postSolution
		{89807DC7-584A-4DAF-9049-73570184288E}.Debug|Any CPU.ActiveCfg = Debug|Any CPU
		{89807DC7-584A-4DAF-9049-73570184288E}.Debug|Any CPU.Build.0 = Debug|Any CPU
		{89807DC7-584A-4DAF-9049-73570184288E}.Release|Any CPU.ActiveCfg = Release|Any CPU
		{89807DC7-584A-4DAF-9049-73570184288E}.Release|Any CPU.Build.0 = Release|Any CPU
	EndGlobalSection
	GlobalSection(SolutionProperties) = preSolution
		HideSolutionNode = FALSE
	EndGlobalSection
	GlobalSection(ExtensibilityGlobals) = postSolution
		SolutionGuid = {A96C3E67-0E7E-44FF-8B9D-6F93CEBE7DB0}
	EndGlobalSection
EndGlobal
