
Microsoft Visual Studio Solution File, Format Version 12.00
# Visual Studio Version 16
VisualStudioVersion = 16.0.32228.343
MinimumVisualStudioVersion = 10.0.40219.1
Project("{FAE04EC0-301F-11D3-BF4B-00C04F79EFBC}") = "Date", "Date.csproj", "{3F57AFAB-382B-42CD-83E7-994674CE728F}"
EndProject
Global
	GlobalSection(SolutionConfigurationPlatforms) = preSolution
		Debug|Any CPU = Debug|Any CPU
		Release|Any CPU = Release|Any CPU
	EndGlobalSection
	GlobalSection(ProjectConfigurationPlatforms) = postSolution
		{3F57AFAB-382B-42CD-83E7-994674CE728F}.Debug|Any CPU.ActiveCfg = Debug|Any CPU
		{3F57AFAB-382B-42CD-83E7-994674CE728F}.Debug|Any CPU.Build.0 = Debug|Any CPU
		{3F57AFAB-382B-42CD-83E7-994674CE728F}.Release|Any CPU.ActiveCfg = Release|Any CPU
		{3F57AFAB-382B-42CD-83E7-994674CE728F}.Release|Any CPU.Build.0 = Release|Any CPU
	EndGlobalSection
	GlobalSection(SolutionProperties) = preSolution
		HideSolutionNode = FALSE
	EndGlobalSection
	GlobalSection(ExtensibilityGlobals) = postSolution
		SolutionGuid = {F8FD02CA-BEE9-4987-8114-C4C40728E86F}
	EndGlobalSection
EndGlobal
